
Microsoft Visual Studio Solution File, Format Version 12.00
# Visual Studio 2013
VisualStudioVersion = 12.0.21005.1
MinimumVisualStudioVersion = 10.0.40219.1
Project("{FAE04EC0-301F-11D3-BF4B-00C04F79EFBC}") = "GabageCollector", "GabageCollector\GabageCollector.csproj", "{E01E29C8-1196-496E-A156-9B1607B5A2BC}"
EndProject
Project("{FAE04EC0-301F-11D3-BF4B-00C04F79EFBC}") = "GabageCollector3", "GabegeCollector2\GabageCollector3.csproj", "{3DEED1D1-5CC0-4094-BE1C-346011A76987}"
EndProject
Project("{FAE04EC0-301F-11D3-BF4B-00C04F79EFBC}") = "GabageCollector2", "GabageCollector2\GabageCollector2.csproj", "{0815AC62-417E-44E0-88D7-0B6EE624F669}"
EndProject
Project("{FAE04EC0-301F-11D3-BF4B-00C04F79EFBC}") = "GabageCollector4", "GabageCollector4\GabageCollector4.csproj", "{B19927CD-0ECF-4CE7-A85C-6122AE65DE17}"
EndProject
Project("{FAE04EC0-301F-11D3-BF4B-00C04F79EFBC}") = "GabageCollector5", "GabageCollector5\GabageCollector5.csproj", "{6E52B203-0BAA-4BF7-A206-3275EB657315}"
EndProject
Project("{2150E333-8FDC-42A3-9474-1A3956D46DE8}") = "Destructors", "Destructors", "{2B1F6D7C-DCCA-4D1B-AAF3-6F54EC6236C6}"
EndProject
Project("{FAE04EC0-301F-11D3-BF4B-00C04F79EFBC}") = "DestructorTryCatch", "DestructorTryCatch\DestructorTryCatch.csproj", "{6EBF42A3-E687-4A4E-B08C-E837E5978C10}"
EndProject
Project("{2150E333-8FDC-42A3-9474-1A3956D46DE8}") = "IDisposable", "IDisposable", "{724FD3E8-7C40-4275-A3A7-924CD7B8D3CC}"
EndProject
Project("{FAE04EC0-301F-11D3-BF4B-00C04F79EFBC}") = "IDisposableFinalization", "IDisposableFinalization\IDisposableFinalization.csproj", "{930DAF5C-6F5E-47A1-99EF-DA955A225F4E}"
EndProject
Project("{FAE04EC0-301F-11D3-BF4B-00C04F79EFBC}") = "FinalizationPattern", "FinalizationPattern\FinalizationPattern.csproj", "{E0122D84-F4F2-47A3-9769-121D469C0FBA}"
EndProject
Project("{2150E333-8FDC-42A3-9474-1A3956D46DE8}") = "GarbageCollector", "GarbageCollector", "{7DEA42E0-E9C7-4ABB-9343-C498FFD6C287}"
EndProject
Project("{FAE04EC0-301F-11D3-BF4B-00C04F79EFBC}") = "GarbageCollector_001", "GarbageCollector\GarbageCollector_001.csproj", "{035C21E2-9BE5-4AFD-A92C-ABAA60FB9E61}"
EndProject
Project("{FAE04EC0-301F-11D3-BF4B-00C04F79EFBC}") = "GarbageCollector_002", "GarbageCollector_002\GarbageCollector_002.csproj", "{645A8DDA-8819-4AC7-9F8F-E23ACE21A83C}"
EndProject
Project("{FAE04EC0-301F-11D3-BF4B-00C04F79EFBC}") = "GCBigObjects", "GCBigObjects\GCBigObjects.csproj", "{C7B4AEF4-9333-4B50-80BB-63CE3942278B}"
EndProject
Project("{FAE04EC0-301F-11D3-BF4B-00C04F79EFBC}") = "GCMemoryException", "GCMemoryException\GCMemoryException.csproj", "{1AA91E59-79EA-48A9-8298-D848A870C8A2}"
EndProject
Project("{FAE04EC0-301F-11D3-BF4B-00C04F79EFBC}") = "Resurrection", "Resurrection\Resurrection.csproj", "{0FDF0070-D156-41FC-94D9-1DD5539936A1}"
EndProject
Global
	GlobalSection(SolutionConfigurationPlatforms) = preSolution
		Debug|Any CPU = Debug|Any CPU
		Release|Any CPU = Release|Any CPU
	EndGlobalSection
	GlobalSection(ProjectConfigurationPlatforms) = postSolution
		{E01E29C8-1196-496E-A156-9B1607B5A2BC}.Debug|Any CPU.ActiveCfg = Debug|Any CPU
		{E01E29C8-1196-496E-A156-9B1607B5A2BC}.Debug|Any CPU.Build.0 = Debug|Any CPU
		{E01E29C8-1196-496E-A156-9B1607B5A2BC}.Release|Any CPU.ActiveCfg = Release|Any CPU
		{E01E29C8-1196-496E-A156-9B1607B5A2BC}.Release|Any CPU.Build.0 = Release|Any CPU
		{3DEED1D1-5CC0-4094-BE1C-346011A76987}.Debug|Any CPU.ActiveCfg = Debug|Any CPU
		{3DEED1D1-5CC0-4094-BE1C-346011A76987}.Debug|Any CPU.Build.0 = Debug|Any CPU
		{3DEED1D1-5CC0-4094-BE1C-346011A76987}.Release|Any CPU.ActiveCfg = Release|Any CPU
		{3DEED1D1-5CC0-4094-BE1C-346011A76987}.Release|Any CPU.Build.0 = Release|Any CPU
		{0815AC62-417E-44E0-88D7-0B6EE624F669}.Debug|Any CPU.ActiveCfg = Debug|Any CPU
		{0815AC62-417E-44E0-88D7-0B6EE624F669}.Debug|Any CPU.Build.0 = Debug|Any CPU
		{0815AC62-417E-44E0-88D7-0B6EE624F669}.Release|Any CPU.ActiveCfg = Release|Any CPU
		{0815AC62-417E-44E0-88D7-0B6EE624F669}.Release|Any CPU.Build.0 = Release|Any CPU
		{B19927CD-0ECF-4CE7-A85C-6122AE65DE17}.Debug|Any CPU.ActiveCfg = Debug|Any CPU
		{B19927CD-0ECF-4CE7-A85C-6122AE65DE17}.Debug|Any CPU.Build.0 = Debug|Any CPU
		{B19927CD-0ECF-4CE7-A85C-6122AE65DE17}.Release|Any CPU.ActiveCfg = Release|Any CPU
		{B19927CD-0ECF-4CE7-A85C-6122AE65DE17}.Release|Any CPU.Build.0 = Release|Any CPU
		{6E52B203-0BAA-4BF7-A206-3275EB657315}.Debug|Any CPU.ActiveCfg = Debug|Any CPU
		{6E52B203-0BAA-4BF7-A206-3275EB657315}.Debug|Any CPU.Build.0 = Debug|Any CPU
		{6E52B203-0BAA-4BF7-A206-3275EB657315}.Release|Any CPU.ActiveCfg = Release|Any CPU
		{6E52B203-0BAA-4BF7-A206-3275EB657315}.Release|Any CPU.Build.0 = Release|Any CPU
		{6EBF42A3-E687-4A4E-B08C-E837E5978C10}.Debug|Any CPU.ActiveCfg = Debug|Any CPU
		{6EBF42A3-E687-4A4E-B08C-E837E5978C10}.Debug|Any CPU.Build.0 = Debug|Any CPU
		{6EBF42A3-E687-4A4E-B08C-E837E5978C10}.Release|Any CPU.ActiveCfg = Release|Any CPU
		{6EBF42A3-E687-4A4E-B08C-E837E5978C10}.Release|Any CPU.Build.0 = Release|Any CPU
		{930DAF5C-6F5E-47A1-99EF-DA955A225F4E}.Debug|Any CPU.ActiveCfg = Debug|Any CPU
		{930DAF5C-6F5E-47A1-99EF-DA955A225F4E}.Debug|Any CPU.Build.0 = Debug|Any CPU
		{930DAF5C-6F5E-47A1-99EF-DA955A225F4E}.Release|Any CPU.ActiveCfg = Release|Any CPU
		{930DAF5C-6F5E-47A1-99EF-DA955A225F4E}.Release|Any CPU.Build.0 = Release|Any CPU
		{E0122D84-F4F2-47A3-9769-121D469C0FBA}.Debug|Any CPU.ActiveCfg = Debug|Any CPU
		{E0122D84-F4F2-47A3-9769-121D469C0FBA}.Debug|Any CPU.Build.0 = Debug|Any CPU
		{E0122D84-F4F2-47A3-9769-121D469C0FBA}.Release|Any CPU.ActiveCfg = Release|Any CPU
		{E0122D84-F4F2-47A3-9769-121D469C0FBA}.Release|Any CPU.Build.0 = Release|Any CPU
		{035C21E2-9BE5-4AFD-A92C-ABAA60FB9E61}.Debug|Any CPU.ActiveCfg = Debug|Any CPU
		{035C21E2-9BE5-4AFD-A92C-ABAA60FB9E61}.Debug|Any CPU.Build.0 = Debug|Any CPU
		{035C21E2-9BE5-4AFD-A92C-ABAA60FB9E61}.Release|Any CPU.ActiveCfg = Release|Any CPU
		{035C21E2-9BE5-4AFD-A92C-ABAA60FB9E61}.Release|Any CPU.Build.0 = Release|Any CPU
		{645A8DDA-8819-4AC7-9F8F-E23ACE21A83C}.Debug|Any CPU.ActiveCfg = Debug|Any CPU
		{645A8DDA-8819-4AC7-9F8F-E23ACE21A83C}.Debug|Any CPU.Build.0 = Debug|Any CPU
		{645A8DDA-8819-4AC7-9F8F-E23ACE21A83C}.Release|Any CPU.ActiveCfg = Release|Any CPU
		{645A8DDA-8819-4AC7-9F8F-E23ACE21A83C}.Release|Any CPU.Build.0 = Release|Any CPU
		{C7B4AEF4-9333-4B50-80BB-63CE3942278B}.Debug|Any CPU.ActiveCfg = Debug|Any CPU
		{C7B4AEF4-9333-4B50-80BB-63CE3942278B}.Debug|Any CPU.Build.0 = Debug|Any CPU
		{C7B4AEF4-9333-4B50-80BB-63CE3942278B}.Release|Any CPU.ActiveCfg = Release|Any CPU
		{C7B4AEF4-9333-4B50-80BB-63CE3942278B}.Release|Any CPU.Build.0 = Release|Any CPU
		{1AA91E59-79EA-48A9-8298-D848A870C8A2}.Debug|Any CPU.ActiveCfg = Debug|Any CPU
		{1AA91E59-79EA-48A9-8298-D848A870C8A2}.Debug|Any CPU.Build.0 = Debug|Any CPU
		{1AA91E59-79EA-48A9-8298-D848A870C8A2}.Release|Any CPU.ActiveCfg = Release|Any CPU
		{1AA91E59-79EA-48A9-8298-D848A870C8A2}.Release|Any CPU.Build.0 = Release|Any CPU
		{0FDF0070-D156-41FC-94D9-1DD5539936A1}.Debug|Any CPU.ActiveCfg = Debug|Any CPU
		{0FDF0070-D156-41FC-94D9-1DD5539936A1}.Debug|Any CPU.Build.0 = Debug|Any CPU
		{0FDF0070-D156-41FC-94D9-1DD5539936A1}.Release|Any CPU.ActiveCfg = Release|Any CPU
		{0FDF0070-D156-41FC-94D9-1DD5539936A1}.Release|Any CPU.Build.0 = Release|Any CPU
	EndGlobalSection
	GlobalSection(SolutionProperties) = preSolution
		HideSolutionNode = FALSE
	EndGlobalSection
	GlobalSection(NestedProjects) = preSolution
		{E01E29C8-1196-496E-A156-9B1607B5A2BC} = {2B1F6D7C-DCCA-4D1B-AAF3-6F54EC6236C6}
		{0815AC62-417E-44E0-88D7-0B6EE624F669} = {2B1F6D7C-DCCA-4D1B-AAF3-6F54EC6236C6}
		{3DEED1D1-5CC0-4094-BE1C-346011A76987} = {2B1F6D7C-DCCA-4D1B-AAF3-6F54EC6236C6}
		{B19927CD-0ECF-4CE7-A85C-6122AE65DE17} = {2B1F6D7C-DCCA-4D1B-AAF3-6F54EC6236C6}
		{6E52B203-0BAA-4BF7-A206-3275EB657315} = {2B1F6D7C-DCCA-4D1B-AAF3-6F54EC6236C6}
		{6EBF42A3-E687-4A4E-B08C-E837E5978C10} = {2B1F6D7C-DCCA-4D1B-AAF3-6F54EC6236C6}
		{930DAF5C-6F5E-47A1-99EF-DA955A225F4E} = {724FD3E8-7C40-4275-A3A7-924CD7B8D3CC}
		{E0122D84-F4F2-47A3-9769-121D469C0FBA} = {724FD3E8-7C40-4275-A3A7-924CD7B8D3CC}
		{035C21E2-9BE5-4AFD-A92C-ABAA60FB9E61} = {7DEA42E0-E9C7-4ABB-9343-C498FFD6C287}
		{645A8DDA-8819-4AC7-9F8F-E23ACE21A83C} = {7DEA42E0-E9C7-4ABB-9343-C498FFD6C287}
		{C7B4AEF4-9333-4B50-80BB-63CE3942278B} = {7DEA42E0-E9C7-4ABB-9343-C498FFD6C287}
		{1AA91E59-79EA-48A9-8298-D848A870C8A2} = {7DEA42E0-E9C7-4ABB-9343-C498FFD6C287}
		{0FDF0070-D156-41FC-94D9-1DD5539936A1} = {7DEA42E0-E9C7-4ABB-9343-C498FFD6C287}
	EndGlobalSection
EndGlobal
